
Microsoft Visual Studio Solution File, Format Version 12.00
# Visual Studio Version 16
VisualStudioVersion = 16.0.31729.503
MinimumVisualStudioVersion = 10.0.40219.1
Project("{FAE04EC0-301F-11D3-BF4B-00C04F79EFBC}") = "Delegates", "Delegates.csproj", "{D88960A1-FF19-49BD-96C6-821E19144241}"
EndProject
Global
	GlobalSection(SolutionConfigurationPlatforms) = preSolution
		Debug|Any CPU = Debug|Any CPU
		Release|Any CPU = Release|Any CPU
	EndGlobalSection
	GlobalSection(ProjectConfigurationPlatforms) = postSolution
		{D88960A1-FF19-49BD-96C6-821E19144241}.Debug|Any CPU.ActiveCfg = Debug|Any CPU
		{D88960A1-FF19-49BD-96C6-821E19144241}.Debug|Any CPU.Build.0 = Debug|Any CPU
		{D88960A1-FF19-49BD-96C6-821E19144241}.Release|Any CPU.ActiveCfg = Release|Any CPU
		{D88960A1-FF19-49BD-96C6-821E19144241}.Release|Any CPU.Build.0 = Release|Any CPU
	EndGlobalSection
	GlobalSection(SolutionProperties) = preSolution
		HideSolutionNode = FALSE
	EndGlobalSection
	GlobalSection(ExtensibilityGlobals) = postSolution
		SolutionGuid = {211FD6C8-9A80-4796-867D-FE63C92C328D}
	EndGlobalSection
EndGlobal
